
Microsoft Visual Studio Solution File, Format Version 12.00
# Visual Studio Version 16
VisualStudioVersion = 16.0.30503.244
MinimumVisualStudioVersion = 10.0.40219.1
Project("{9A19103F-16F7-4668-BE54-9A1E7A4F7556}") = "CitationsCopilot", "CitationsCopilot\CitationsCopilot.csproj", "{68CD5697-29CA-4583-BA00-102AE89CA198}"
EndProject
Global
	GlobalSection(SolutionConfigurationPlatforms) = preSolution
		Debug|Any CPU = Debug|Any CPU
		Release|Any CPU = Release|Any CPU
	EndGlobalSection
	GlobalSection(ProjectConfigurationPlatforms) = postSolution
		{68CD5697-29CA-4583-BA00-102AE89CA198}.Debug|Any CPU.ActiveCfg = Debug|Any CPU
		{68CD5697-29CA-4583-BA00-102AE89CA198}.Debug|Any CPU.Build.0 = Debug|Any CPU
		{68CD5697-29CA-4583-BA00-102AE89CA198}.Release|Any CPU.ActiveCfg = Release|Any CPU
		{68CD5697-29CA-4583-BA00-102AE89CA198}.Release|Any CPU.Build.0 = Release|Any CPU
	EndGlobalSection
	GlobalSection(SolutionProperties) = preSolution
		HideSolutionNode = FALSE
	EndGlobalSection
	GlobalSection(ExtensibilityGlobals) = postSolution
		SolutionGuid = {4C399EE5-7048-4A5D-B4F6-F2655FFCCEBF}
	EndGlobalSection
EndGlobal
